# generated by rye
# use `rye lock` or `rye sync` to update this lockfile
#
# last locked with the following flags:
#   pre: false
#   features: []
#   all-features: false
#   with-sources: false

-e file:.
exceptiongroup==1.2.1
    # via pytest
iniconfig==2.0.0
    # via pytest
markdown-it-py==3.0.0
    # via rich
mdurl==0.1.2
    # via markdown-it-py
packaging==24.0
    # via pytest
pluggy==1.5.0
    # via pytest
pygments==2.18.0
    # via rich
pytest==8.2.0
rich==13.7.1
    # via rye-test
tomli==2.0.1
    # via pytest
typing-extensions==4.11.0
    # via rich
